// !$*UTF8*$!
{
	archiveVersion = 1;
	classes = {
	};
	objectVersion = 46;
	objects = {

/* Begin PBXBuildFile section */
		81AE283F1ECB2D0E0054CFCD /* main.swift in Sources */ = {isa = PBXBuildFile; fileRef = 81AE283E1ECB2D0E0054CFCD /* main.swift */; };
/* End PBXBuildFile section */

/* Begin PBXCopyFilesBuildPhase section */
		81AE28391ECB2D0E0054CFCD /* CopyFiles */ = {
			isa = PBXCopyFilesBuildPhase;
			buildActionMask = 2147483647;
			dstPath = /usr/share/man/man1/;
			dstSubfolderSpec = 0;
			files = (
			);
			runOnlyForDeploymentPostprocessing = 1;
		};
/* End PBXCopyFilesBuildPhase section */

/* Begin PBXFileReference section */
		81AE283B1ECB2D0E0054CFCD /* ExamPrepSoundsFishy */ = {isa = PBXFileReference; explicitFileType = "compiled.mach-o.executable"; includeInIndex = 0; path = ExamPrepSoundsFishy; sourceTree = BUILT_PRODUCTS_DIR; };
		81AE283E1ECB2D0E0054CFCD /* main.swift */ = {isa = PBXFileReference; lastKnownFileType = sourcecode.swift; path = main.swift; sourceTree = "<group>"; };
		81AE28451ECB2D880054CFCD /* A Warmup - 3 - Sounds fishy.pdf */ = {isa = PBXFileReference; lastKnownFileType = image.pdf; path = "A Warmup - 3 - Sounds fishy.pdf"; sourceTree = "<group>"; };
		81AE28471ECB2E110054CFCD /* A Warmup - 3 - Sounds Fishy – Algorithm.docx */ = {isa = PBXFileReference; lastKnownFileType = file; path = "A Warmup - 3 - Sounds Fishy – Algorithm.docx"; sourceTree = "<group>"; };
		81AE28481ECB2E480054CFCD /* A Warmup - 3 - Sounds Fishy - Test Plan.docx */ = {isa = PBXFileReference; lastKnownFileType = file; path = "A Warmup - 3 - Sounds Fishy - Test Plan.docx"; sourceTree = "<group>"; };
/* End PBXFileReference section */

/* Begin PBXFrameworksBuildPhase section */
		81AE28381ECB2D0E0054CFCD /* Frameworks */ = {
			isa = PBXFrameworksBuildPhase;
			buildActionMask = 2147483647;
			files = (
			);
			runOnlyForDeploymentPostprocessing = 0;
		};
/* End PBXFrameworksBuildPhase section */

/* Begin PBXGroup section */
		81AE28321ECB2D0E0054CFCD = {
			isa = PBXGroup;
			children = (
				81AE28461ECB2D920054CFCD /* Documents */,
				81AE283D1ECB2D0E0054CFCD /* ExamPrepSoundsFishy */,
				81AE283C1ECB2D0E0054CFCD /* Products */,
			);
			sourceTree = "<group>";
		};
		81AE283C1ECB2D0E0054CFCD /* Products */ = {
			isa = PBXGroup;
			children = (
				81AE283B1ECB2D0E0054CFCD /* ExamPrepSoundsFishy */,
			);
			name = Products;
			sourceTree = "<group>";
		};
		81AE283D1ECB2D0E0054CFCD /* ExamPrepSoundsFishy */ = {
			isa = PBXGroup;
			children = (
				81AE283E1ECB2D0E0054CFCD /* main.swift */,
			);
			path = ExamPrepSoundsFishy;
			sourceTree = "<group>";
		};
		81AE28461ECB2D920054CFCD /* Documents */ = {
			isa = PBXGroup;
			children = (
				81AE28471ECB2E110054CFCD /* A Warmup - 3 - Sounds Fishy – Algorithm.docx */,
				81AE28481ECB2E480054CFCD /* A Warmup - 3 - Sounds Fishy - Test Plan.docx */,
				81AE28451ECB2D880054CFCD /* A Warmup - 3 - Sounds fishy.pdf */,
			);
			name = Documents;
			sourceTree = "<group>";
		};
/* End PBXGroup section */

/* Begin PBXNativeTarget section */
		81AE283A1ECB2D0E0054CFCD /* ExamPrepSoundsFishy */ = {
			isa = PBXNativeTarget;
			buildConfigurationList = 81AE28421ECB2D0E0054CFCD /* Build configuration list for PBXNativeTarget "ExamPrepSoundsFishy" */;
			buildPhases = (
				81AE28371ECB2D0E0054CFCD /* Sources */,
				81AE28381ECB2D0E0054CFCD /* Frameworks */,
				81AE28391ECB2D0E0054CFCD /* CopyFiles */,
			);
			buildRules = (
			);
			dependencies = (
			);
			name = ExamPrepSoundsFishy;
			productName = ExamPrepSoundsFishy;
			productReference = 81AE283B1ECB2D0E0054CFCD /* ExamPrepSoundsFishy */;
			productType = "com.apple.product-type.tool";
		};
/* End PBXNativeTarget section */

/* Begin PBXProject section */
		81AE28331ECB2D0E0054CFCD /* Project object */ = {
			isa = PBXProject;
			attributes = {
				LastSwiftUpdateCheck = 0830;
				LastUpgradeCheck = 0830;
				ORGANIZATIONNAME = "Russell Gordon";
				TargetAttributes = {
					81AE283A1ECB2D0E0054CFCD = {
						CreatedOnToolsVersion = 8.3.2;
						DevelopmentTeam = U2ZN2W2UQJ;
						ProvisioningStyle = Automatic;
					};
				};
			};
			buildConfigurationList = 81AE28361ECB2D0E0054CFCD /* Build configuration list for PBXProject "ExamPrepSoundsFishy" */;
			compatibilityVersion = "Xcode 3.2";
			developmentRegion = English;
			hasScannedForEncodings = 0;
			knownRegions = (
				en,
			);
			mainGroup = 81AE28321ECB2D0E0054CFCD;
			productRefGroup = 81AE283C1ECB2D0E0054CFCD /* Products */;
			projectDirPath = "";
			projectRoot = "";
			targets = (
				81AE283A1ECB2D0E0054CFCD /* ExamPrepSoundsFishy */,
			);
		};
/* End PBXProject section */

/* Begin PBXSourcesBuildPhase section */
		81AE28371ECB2D0E0054CFCD /* Sources */ = {
			isa = PBXSourcesBuildPhase;
			buildActionMask = 2147483647;
			files = (
				81AE283F1ECB2D0E0054CFCD /* main.swift in Sources */,
			);
			runOnlyForDeploymentPostprocessing = 0;
		};
/* End PBXSourcesBuildPhase section */

/* Begin XCBuildConfiguration section */
		81AE28401ECB2D0E0054CFCD /* Debug */ = {
			isa = XCBuildConfiguration;
			buildSettings = {
				ALWAYS_SEARCH_USER_PATHS = NO;
				CLANG_ANALYZER_NONNULL = YES;
				CLANG_ANALYZER_NUMBER_OBJECT_CONVERSION = YES_AGGRESSIVE;
				CLANG_CXX_LANGUAGE_STANDARD = "gnu++0x";
				CLANG_CXX_LIBRARY = "libc++";
				CLANG_ENABLE_MODULES = YES;
				CLANG_ENABLE_OBJC_ARC = YES;
				CLANG_WARN_BOOL_CONVERSION = YES;
				CLANG_WARN_CONSTANT_CONVERSION = YES;
				CLANG_WARN_DIRECT_OBJC_ISA_USAGE = YES_ERROR;
				CLANG_WARN_DOCUMENTATION_COMMENTS = YES;
				CLANG_WARN_EMPTY_BODY = YES;
				CLANG_WARN_ENUM_CONVERSION = YES;
				CLANG_WARN_INFINITE_RECURSION = YES;
				CLANG_WARN_INT_CONVERSION = YES;
				CLANG_WARN_OBJC_ROOT_CLASS = YES_ERROR;
				CLANG_WARN_SUSPICIOUS_MOVE = YES;
				CLANG_WARN_UNREACHABLE_CODE = YES;
				CLANG_WARN__DUPLICATE_METHOD_MATCH = YES;
				CODE_SIGN_IDENTITY = "-";
				COPY_PHASE_STRIP = NO;
				DEBUG_INFORMATION_FORMAT = dwarf;
				ENABLE_STRICT_OBJC_MSGSEND = YES;
				ENABLE_TESTABILITY = YES;
				GCC_C_LANGUAGE_STANDARD = gnu99;
				GCC_DYNAMIC_NO_PIC = NO;
				GCC_NO_COMMON_BLOCKS = YES;
				GCC_OPTIMIZATION_LEVEL = 0;
				GCC_PREPROCESSOR_DEFINITIONS = (
					"DEBUG=1",
					"$(inherited)",
				);
				GCC_WARN_64_TO_32_BIT_CONVERSION = YES;
				GCC_WARN_ABOUT_RETURN_TYPE = YES_ERROR;
				GCC_WARN_UNDECLARED_SELECTOR = YES;
				GCC_WARN_UNINITIALIZED_AUTOS = YES_AGGRESSIVE;
				GCC_WARN_UNUSED_FUNCTION = YES;
				GCC_WARN_UNUSED_VARIABLE = YES;
				MACOSX_DEPLOYMENT_TARGET = 10.12;
				MTL_ENABLE_DEBUG_INFO = YES;
				ONLY_ACTIVE_ARCH = YES;
				SDKROOT = macosx;
				SWIFT_OPTIMIZATION_LEVEL = "-Onone";
			};
			name = Debug;
		};
		81AE28411ECB2D0E0054CFCD /* Release */ = {
			isa = XCBuildConfiguration;
			buildSettings = {
				ALWAYS_SEARCH_USER_PATHS = NO;
				CLANG_ANALYZER_NONNULL = YES;
				CLANG_ANALYZER_NUMBER_OBJECT_CONVERSION = YES_AGGRESSIVE;
				CLANG_CXX_LANGUAGE_STANDARD = "gnu++0x";
				CLANG_CXX_LIBRARY = "libc++";
				CLANG_ENABLE_MODULES = YES;
				CLANG_ENABLE_OBJC_ARC = YES;
				CLANG_WARN_BOOL_CONVERSION = YES;
				CLANG_WARN_CONSTANT_CONVERSION = YES;
				CLANG_WARN_DIRECT_OBJC_ISA_USAGE = YES_ERROR;
				CLANG_WARN_DOCUMENTATION_COMMENTS = YES;
				CLANG_WARN_EMPTY_BODY = YES;
				CLANG_WARN_ENUM_CONVERSION = YES;
				CLANG_WARN_INFINITE_RECURSION = YES;
				CLANG_WARN_INT_CONVERSION = YES;
				CLANG_WARN_OBJC_ROOT_CLASS = YES_ERROR;
				CLANG_WARN_SUSPICIOUS_MOVE = YES;
				CLANG_WARN_UNREACHABLE_CODE = YES;
				CLANG_WARN__DUPLICATE_METHOD_MATCH = YES;
				CODE_SIGN_IDENTITY = "-";
				COPY_PHASE_STRIP = NO;
				DEBUG_INFORMATION_FORMAT = "dwarf-with-dsym";
				ENABLE_NS_ASSERTIONS = NO;
				ENABLE_STRICT_OBJC_MSGSEND = YES;
				GCC_C_LANGUAGE_STANDARD = gnu99;
				GCC_NO_COMMON_BLOCKS = YES;
				GCC_WARN_64_TO_32_BIT_CONVERSION = YES;
				GCC_WARN_ABOUT_RETURN_TYPE = YES_ERROR;
				GCC_WARN_UNDECLARED_SELECTOR = YES;
				GCC_WARN_UNINITIALIZED_AUTOS = YES_AGGRESSIVE;
				GCC_WARN_UNUSED_FUNCTION = YES;
				GCC_WARN_UNUSED_VARIABLE = YES;
				MACOSX_DEPLOYMENT_TARGET = 10.12;
				MTL_ENABLE_DEBUG_INFO = NO;
				SDKROOT = macosx;
			};
			name = Release;
		};
		81AE28431ECB2D0E0054CFCD /* Debug */ = {
			isa = XCBuildConfiguration;
			buildSettings = {
				DEVELOPMENT_TEAM = U2ZN2W2UQJ;
				PRODUCT_NAME = "$(TARGET_NAME)";
				SWIFT_VERSION = 3.0;
			};
			name = Debug;
		};
		81AE28441ECB2D0E0054CFCD /* Release */ = {
			isa = XCBuildConfiguration;
			buildSettings = {
				DEVELOPMENT_TEAM = U2ZN2W2UQJ;
				PRODUCT_NAME = "$(TARGET_NAME)";
				SWIFT_VERSION = 3.0;
			};
			name = Release;
		};
/* End XCBuildConfiguration section */

/* Begin XCConfigurationList section */
		81AE28361ECB2D0E0054CFCD /* Build configuration list for PBXProject "ExamPrepSoundsFishy" */ = {
			isa = XCConfigurationList;
			buildConfigurations = (
				81AE28401ECB2D0E0054CFCD /* Debug */,
				81AE28411ECB2D0E0054CFCD /* Release */,
			);
			defaultConfigurationIsVisible = 0;
			defaultConfigurationName = Release;
		};
		81AE28421ECB2D0E0054CFCD /* Build configuration list for PBXNativeTarget "ExamPrepSoundsFishy" */ = {
			isa = XCConfigurationList;
			buildConfigurations = (
				81AE28431ECB2D0E0054CFCD /* Debug */,
				81AE28441ECB2D0E0054CFCD /* Release */,
			);
			defaultConfigurationIsVisible = 0;
		};
/* End XCConfigurationList section */
	};
	rootObject = 81AE28331ECB2D0E0054CFCD /* Project object */;
}
